
Microsoft Visual Studio Solution File, Format Version 12.00
# Visual Studio Version 16
VisualStudioVersion = 16.0.29409.12
MinimumVisualStudioVersion = 10.0.40219.1
Project("{FAE04EC0-301F-11D3-BF4B-00C04F79EFBC}") = "assignment-2", "assignment-2\assignment-2.csproj", "{A531425B-670B-40AE-938D-A4644342F015}"
EndProject
Global
	GlobalSection(SolutionConfigurationPlatforms) = preSolution
		Debug|Any CPU = Debug|Any CPU
		Release|Any CPU = Release|Any CPU
	EndGlobalSection
	GlobalSection(ProjectConfigurationPlatforms) = postSolution
		{A531425B-670B-40AE-938D-A4644342F015}.Debug|Any CPU.ActiveCfg = Debug|Any CPU
		{A531425B-670B-40AE-938D-A4644342F015}.Debug|Any CPU.Build.0 = Debug|Any CPU
		{A531425B-670B-40AE-938D-A4644342F015}.Release|Any CPU.ActiveCfg = Release|Any CPU
		{A531425B-670B-40AE-938D-A4644342F015}.Release|Any CPU.Build.0 = Release|Any CPU
	EndGlobalSection
	GlobalSection(SolutionProperties) = preSolution
		HideSolutionNode = FALSE
	EndGlobalSection
	GlobalSection(ExtensibilityGlobals) = postSolution
		SolutionGuid = {D6679931-9DBD-4FA0-921D-6341E10D85BF}
	EndGlobalSection
EndGlobal
