
Microsoft Visual Studio Solution File, Format Version 12.00
# Visual Studio Version 16
VisualStudioVersion = 16.0.29409.12
MinimumVisualStudioVersion = 10.0.40219.1
Project("{FAE04EC0-301F-11D3-BF4B-00C04F79EFBC}") = "ADOdemo", "ADOdemo\ADOdemo.csproj", "{49185987-7FE4-49B1-AA32-3F4B1B539F62}"
EndProject
Project("{FAE04EC0-301F-11D3-BF4B-00C04F79EFBC}") = "DAL", "DAL\DAL.csproj", "{01352685-9D21-4035-8855-CA2FCCAEB296}"
EndProject
Global
	GlobalSection(SolutionConfigurationPlatforms) = preSolution
		Debug|Any CPU = Debug|Any CPU
		Release|Any CPU = Release|Any CPU
	EndGlobalSection
	GlobalSection(ProjectConfigurationPlatforms) = postSolution
		{49185987-7FE4-49B1-AA32-3F4B1B539F62}.Debug|Any CPU.ActiveCfg = Debug|Any CPU
		{49185987-7FE4-49B1-AA32-3F4B1B539F62}.Debug|Any CPU.Build.0 = Debug|Any CPU
		{49185987-7FE4-49B1-AA32-3F4B1B539F62}.Release|Any CPU.ActiveCfg = Release|Any CPU
		{49185987-7FE4-49B1-AA32-3F4B1B539F62}.Release|Any CPU.Build.0 = Release|Any CPU
		{01352685-9D21-4035-8855-CA2FCCAEB296}.Debug|Any CPU.ActiveCfg = Debug|Any CPU
		{01352685-9D21-4035-8855-CA2FCCAEB296}.Debug|Any CPU.Build.0 = Debug|Any CPU
		{01352685-9D21-4035-8855-CA2FCCAEB296}.Release|Any CPU.ActiveCfg = Release|Any CPU
		{01352685-9D21-4035-8855-CA2FCCAEB296}.Release|Any CPU.Build.0 = Release|Any CPU
	EndGlobalSection
	GlobalSection(SolutionProperties) = preSolution
		HideSolutionNode = FALSE
	EndGlobalSection
	GlobalSection(ExtensibilityGlobals) = postSolution
		SolutionGuid = {258C6C5A-6850-47A5-9BB5-47A572C7D068}
	EndGlobalSection
EndGlobal
