
Microsoft Visual Studio Solution File, Format Version 12.00
# Visual Studio Version 16
VisualStudioVersion = 16.0.29409.12
MinimumVisualStudioVersion = 10.0.40219.1
Project("{FAE04EC0-301F-11D3-BF4B-00C04F79EFBC}") = "shapes", "shapes\shapes.csproj", "{6CDB18EE-F4E2-4267-8FF1-A298DE1374E3}"
EndProject
Project("{FAE04EC0-301F-11D3-BF4B-00C04F79EFBC}") = "billing", "billing\billing.csproj", "{276AC950-F9CE-4616-B5A8-BFB07E0C4E61}"
EndProject
Global
	GlobalSection(SolutionConfigurationPlatforms) = preSolution
		Debug|Any CPU = Debug|Any CPU
		Release|Any CPU = Release|Any CPU
	EndGlobalSection
	GlobalSection(ProjectConfigurationPlatforms) = postSolution
		{6CDB18EE-F4E2-4267-8FF1-A298DE1374E3}.Debug|Any CPU.ActiveCfg = Debug|Any CPU
		{6CDB18EE-F4E2-4267-8FF1-A298DE1374E3}.Debug|Any CPU.Build.0 = Debug|Any CPU
		{6CDB18EE-F4E2-4267-8FF1-A298DE1374E3}.Release|Any CPU.ActiveCfg = Release|Any CPU
		{6CDB18EE-F4E2-4267-8FF1-A298DE1374E3}.Release|Any CPU.Build.0 = Release|Any CPU
		{276AC950-F9CE-4616-B5A8-BFB07E0C4E61}.Debug|Any CPU.ActiveCfg = Debug|Any CPU
		{276AC950-F9CE-4616-B5A8-BFB07E0C4E61}.Debug|Any CPU.Build.0 = Debug|Any CPU
		{276AC950-F9CE-4616-B5A8-BFB07E0C4E61}.Release|Any CPU.ActiveCfg = Release|Any CPU
		{276AC950-F9CE-4616-B5A8-BFB07E0C4E61}.Release|Any CPU.Build.0 = Release|Any CPU
	EndGlobalSection
	GlobalSection(SolutionProperties) = preSolution
		HideSolutionNode = FALSE
	EndGlobalSection
	GlobalSection(ExtensibilityGlobals) = postSolution
		SolutionGuid = {ED5341CC-BBC6-437B-83BB-F431FBE9DBF3}
	EndGlobalSection
EndGlobal
