
Microsoft Visual Studio Solution File, Format Version 12.00
# Visual Studio Version 16
VisualStudioVersion = 16.0.29418.71
MinimumVisualStudioVersion = 10.0.40219.1
Project("{FAE04EC0-301F-11D3-BF4B-00C04F79EFBC}") = "Entity Assessment", "Entity Assessment\Entity Assessment.csproj", "{7583F28E-2D5A-4676-9FD2-078CC22BA47B}"
EndProject
Global
	GlobalSection(SolutionConfigurationPlatforms) = preSolution
		Debug|Any CPU = Debug|Any CPU
		Release|Any CPU = Release|Any CPU
	EndGlobalSection
	GlobalSection(ProjectConfigurationPlatforms) = postSolution
		{7583F28E-2D5A-4676-9FD2-078CC22BA47B}.Debug|Any CPU.ActiveCfg = Debug|Any CPU
		{7583F28E-2D5A-4676-9FD2-078CC22BA47B}.Debug|Any CPU.Build.0 = Debug|Any CPU
		{7583F28E-2D5A-4676-9FD2-078CC22BA47B}.Release|Any CPU.ActiveCfg = Release|Any CPU
		{7583F28E-2D5A-4676-9FD2-078CC22BA47B}.Release|Any CPU.Build.0 = Release|Any CPU
	EndGlobalSection
	GlobalSection(SolutionProperties) = preSolution
		HideSolutionNode = FALSE
	EndGlobalSection
	GlobalSection(ExtensibilityGlobals) = postSolution
		SolutionGuid = {B9E281B0-353F-453F-A6C2-F2C2584B84F5}
	EndGlobalSection
EndGlobal
